
Microsoft Visual Studio Solution File, Format Version 12.00
# Visual Studio Version 16
VisualStudioVersion = 16.0.31613.86
MinimumVisualStudioVersion = 10.0.40219.1
Project("{FAE04EC0-301F-11D3-BF4B-00C04F79EFBC}") = "ClassMetotDemo", "ClassMetotDemo\ClassMetotDemo.csproj", "{DBB07076-706D-40AF-B2D4-EEC96C4B1FFB}"
EndProject
Global
	GlobalSection(SolutionConfigurationPlatforms) = preSolution
		Debug|Any CPU = Debug|Any CPU
		Release|Any CPU = Release|Any CPU
	EndGlobalSection
	GlobalSection(ProjectConfigurationPlatforms) = postSolution
		{DBB07076-706D-40AF-B2D4-EEC96C4B1FFB}.Debug|Any CPU.ActiveCfg = Debug|Any CPU
		{DBB07076-706D-40AF-B2D4-EEC96C4B1FFB}.Debug|Any CPU.Build.0 = Debug|Any CPU
		{DBB07076-706D-40AF-B2D4-EEC96C4B1FFB}.Release|Any CPU.ActiveCfg = Release|Any CPU
		{DBB07076-706D-40AF-B2D4-EEC96C4B1FFB}.Release|Any CPU.Build.0 = Release|Any CPU
	EndGlobalSection
	GlobalSection(SolutionProperties) = preSolution
		HideSolutionNode = FALSE
	EndGlobalSection
	GlobalSection(ExtensibilityGlobals) = postSolution
		SolutionGuid = {423C45FF-5513-4BAA-B538-316954AD777E}
	EndGlobalSection
EndGlobal
